// !$*UTF8*$!
{
	archiveVersion = 1;
	classes = {
	};
	objectVersion = 46;
	objects = {

/* Begin PBXBuildFile section */
		318DB9A51F14455E00A62E77 /* GoogleService-Info.plist in Resources */ = {isa = PBXBuildFile; fileRef = 318DB9A41F14455E00A62E77 /* GoogleService-Info.plist */; };
		31B450891F13DE0900009052 /* AppDelegate.swift in Sources */ = {isa = PBXBuildFile; fileRef = 31B450881F13DE0900009052 /* AppDelegate.swift */; };
		31B4508B1F13DE0900009052 /* ViewController.swift in Sources */ = {isa = PBXBuildFile; fileRef = 31B4508A1F13DE0900009052 /* ViewController.swift */; };
		31B4508E1F13DE0900009052 /* Main.storyboard in Resources */ = {isa = PBXBuildFile; fileRef = 31B4508C1F13DE0900009052 /* Main.storyboard */; };
		31B450901F13DE0900009052 /* Assets.xcassets in Resources */ = {isa = PBXBuildFile; fileRef = 31B4508F1F13DE0900009052 /* Assets.xcassets */; };
		31B450931F13DE0900009052 /* LaunchScreen.storyboard in Resources */ = {isa = PBXBuildFile; fileRef = 31B450911F13DE0900009052 /* LaunchScreen.storyboard */; };
		4AC366587CB52B7BCD47BBC8 /* Pods_SocialLogin.framework in Frameworks */ = {isa = PBXBuildFile; fileRef = AC0D71ECB666E0F641E91D43 /* Pods_SocialLogin.framework */; };
/* End PBXBuildFile section */

/* Begin PBXFileReference section */
		1838265E8653967E76030479 /* Pods-SocialLogin.debug.xcconfig */ = {isa = PBXFileReference; includeInIndex = 1; lastKnownFileType = text.xcconfig; name = "Pods-SocialLogin.debug.xcconfig"; path = "Pods/Target Support Files/Pods-SocialLogin/Pods-SocialLogin.debug.xcconfig"; sourceTree = "<group>"; };
		318D59E91F13E7780027D144 /* SocialLogin.entitlements */ = {isa = PBXFileReference; lastKnownFileType = text.plist.entitlements; path = SocialLogin.entitlements; sourceTree = "<group>"; };
		318DB9A41F14455E00A62E77 /* GoogleService-Info.plist */ = {isa = PBXFileReference; fileEncoding = 4; lastKnownFileType = text.plist.xml; path = "GoogleService-Info.plist"; sourceTree = "<group>"; };
		31B450851F13DE0900009052 /* SocialLogin.app */ = {isa = PBXFileReference; explicitFileType = wrapper.application; includeInIndex = 0; path = SocialLogin.app; sourceTree = BUILT_PRODUCTS_DIR; };
		31B450881F13DE0900009052 /* AppDelegate.swift */ = {isa = PBXFileReference; lastKnownFileType = sourcecode.swift; path = AppDelegate.swift; sourceTree = "<group>"; };
		31B4508A1F13DE0900009052 /* ViewController.swift */ = {isa = PBXFileReference; lastKnownFileType = sourcecode.swift; path = ViewController.swift; sourceTree = "<group>"; };
		31B4508D1F13DE0900009052 /* Base */ = {isa = PBXFileReference; lastKnownFileType = file.storyboard; name = Base; path = Base.lproj/Main.storyboard; sourceTree = "<group>"; };
		31B4508F1F13DE0900009052 /* Assets.xcassets */ = {isa = PBXFileReference; lastKnownFileType = folder.assetcatalog; path = Assets.xcassets; sourceTree = "<group>"; };
		31B450921F13DE0900009052 /* Base */ = {isa = PBXFileReference; lastKnownFileType = file.storyboard; name = Base; path = Base.lproj/LaunchScreen.storyboard; sourceTree = "<group>"; };
		31B450941F13DE0900009052 /* Info.plist */ = {isa = PBXFileReference; lastKnownFileType = text.plist.xml; path = Info.plist; sourceTree = "<group>"; };
		45C8AC7F33D4A2587CB6E6BA /* Pods-SocialLogin.release.xcconfig */ = {isa = PBXFileReference; includeInIndex = 1; lastKnownFileType = text.xcconfig; name = "Pods-SocialLogin.release.xcconfig"; path = "Pods/Target Support Files/Pods-SocialLogin/Pods-SocialLogin.release.xcconfig"; sourceTree = "<group>"; };
		AC0D71ECB666E0F641E91D43 /* Pods_SocialLogin.framework */ = {isa = PBXFileReference; explicitFileType = wrapper.framework; includeInIndex = 0; path = Pods_SocialLogin.framework; sourceTree = BUILT_PRODUCTS_DIR; };
/* End PBXFileReference section */

/* Begin PBXFrameworksBuildPhase section */
		31B450821F13DE0900009052 /* Frameworks */ = {
			isa = PBXFrameworksBuildPhase;
			buildActionMask = 2147483647;
			files = (
				4AC366587CB52B7BCD47BBC8 /* Pods_SocialLogin.framework in Frameworks */,
			);
			runOnlyForDeploymentPostprocessing = 0;
		};
/* End PBXFrameworksBuildPhase section */

/* Begin PBXGroup section */
		318DB9A11F14453800A62E77 /* Controller */ = {
			isa = PBXGroup;
			children = (
				31B450881F13DE0900009052 /* AppDelegate.swift */,
				31B4508A1F13DE0900009052 /* ViewController.swift */,
			);
			name = Controller;
			sourceTree = "<group>";
		};
		318DB9A21F14454500A62E77 /* View */ = {
			isa = PBXGroup;
			children = (
				31B4508C1F13DE0900009052 /* Main.storyboard */,
				31B450911F13DE0900009052 /* LaunchScreen.storyboard */,
			);
			name = View;
			sourceTree = "<group>";
		};
		318DB9A31F14454A00A62E77 /* Model */ = {
			isa = PBXGroup;
			children = (
			);
			name = Model;
			sourceTree = "<group>";
		};
		31B4507C1F13DE0900009052 = {
			isa = PBXGroup;
			children = (
				31B450871F13DE0900009052 /* SocialLogin */,
				31B450861F13DE0900009052 /* Products */,
				F1224FD68FA30DA834EA4689 /* Pods */,
				6266B6376B25A85838E16F3C /* Frameworks */,
			);
			sourceTree = "<group>";
		};
		31B450861F13DE0900009052 /* Products */ = {
			isa = PBXGroup;
			children = (
				31B450851F13DE0900009052 /* SocialLogin.app */,
			);
			name = Products;
			sourceTree = "<group>";
		};
		31B450871F13DE0900009052 /* SocialLogin */ = {
			isa = PBXGroup;
			children = (
				318D59E91F13E7780027D144 /* SocialLogin.entitlements */,
				318DB9A31F14454A00A62E77 /* Model */,
				318DB9A21F14454500A62E77 /* View */,
				318DB9A11F14453800A62E77 /* Controller */,
				31B4508F1F13DE0900009052 /* Assets.xcassets */,
				318DB9A41F14455E00A62E77 /* GoogleService-Info.plist */,
				31B450941F13DE0900009052 /* Info.plist */,
			);
			path = SocialLogin;
			sourceTree = "<group>";
		};
		6266B6376B25A85838E16F3C /* Frameworks */ = {
			isa = PBXGroup;
			children = (
				AC0D71ECB666E0F641E91D43 /* Pods_SocialLogin.framework */,
			);
			name = Frameworks;
			sourceTree = "<group>";
		};
		F1224FD68FA30DA834EA4689 /* Pods */ = {
			isa = PBXGroup;
			children = (
				1838265E8653967E76030479 /* Pods-SocialLogin.debug.xcconfig */,
				45C8AC7F33D4A2587CB6E6BA /* Pods-SocialLogin.release.xcconfig */,
			);
			name = Pods;
			sourceTree = "<group>";
		};
/* End PBXGroup section */

/* Begin PBXNativeTarget section */
		31B450841F13DE0900009052 /* SocialLogin */ = {
			isa = PBXNativeTarget;
			buildConfigurationList = 31B450971F13DE0900009052 /* Build configuration list for PBXNativeTarget "SocialLogin" */;
			buildPhases = (
				73EF1096836452864D568076 /* [CP] Check Pods Manifest.lock */,
				31B450811F13DE0900009052 /* Sources */,
				31B450821F13DE0900009052 /* Frameworks */,
				31B450831F13DE0900009052 /* Resources */,
				340806B2269EA194E78DB736 /* [CP] Embed Pods Frameworks */,
				38E720F50121179562F85384 /* [CP] Copy Pods Resources */,
			);
			buildRules = (
			);
			dependencies = (
			);
			name = SocialLogin;
			productName = SocialLogin;
			productReference = 31B450851F13DE0900009052 /* SocialLogin.app */;
			productType = "com.apple.product-type.application";
		};
/* End PBXNativeTarget section */

/* Begin PBXProject section */
		31B4507D1F13DE0900009052 /* Project object */ = {
			isa = PBXProject;
			attributes = {
				LastSwiftUpdateCheck = 0830;
				LastUpgradeCheck = 0830;
				ORGANIZATIONNAME = "Jakkawad Chaiplee";
				TargetAttributes = {
					31B450841F13DE0900009052 = {
						CreatedOnToolsVersion = 8.3.3;
						DevelopmentTeam = 99PQ8VE3S6;
						ProvisioningStyle = Automatic;
						SystemCapabilities = {
							com.apple.Keychain = {
								enabled = 1;
							};
						};
					};
				};
			};
			buildConfigurationList = 31B450801F13DE0900009052 /* Build configuration list for PBXProject "SocialLogin" */;
			compatibilityVersion = "Xcode 3.2";
			developmentRegion = English;
			hasScannedForEncodings = 0;
			knownRegions = (
				en,
				Base,
			);
			mainGroup = 31B4507C1F13DE0900009052;
			productRefGroup = 31B450861F13DE0900009052 /* Products */;
			projectDirPath = "";
			projectRoot = "";
			targets = (
				31B450841F13DE0900009052 /* SocialLogin */,
			);
		};
/* End PBXProject section */

/* Begin PBXResourcesBuildPhase section */
		31B450831F13DE0900009052 /* Resources */ = {
			isa = PBXResourcesBuildPhase;
			buildActionMask = 2147483647;
			files = (
				31B450931F13DE0900009052 /* LaunchScreen.storyboard in Resources */,
				318DB9A51F14455E00A62E77 /* GoogleService-Info.plist in Resources */,
				31B450901F13DE0900009052 /* Assets.xcassets in Resources */,
				31B4508E1F13DE0900009052 /* Main.storyboard in Resources */,
			);
			runOnlyForDeploymentPostprocessing = 0;
		};
/* End PBXResourcesBuildPhase section */

/* Begin PBXShellScriptBuildPhase section */
		340806B2269EA194E78DB736 /* [CP] Embed Pods Frameworks */ = {
			isa = PBXShellScriptBuildPhase;
			buildActionMask = 2147483647;
			files = (
			);
			inputPaths = (
			);
			name = "[CP] Embed Pods Frameworks";
			outputPaths = (
			);
			runOnlyForDeploymentPostprocessing = 0;
			shellPath = /bin/sh;
			shellScript = "\"${SRCROOT}/Pods/Target Support Files/Pods-SocialLogin/Pods-SocialLogin-frameworks.sh\"\n";
			showEnvVarsInLog = 0;
		};
		38E720F50121179562F85384 /* [CP] Copy Pods Resources */ = {
			isa = PBXShellScriptBuildPhase;
			buildActionMask = 2147483647;
			files = (
			);
			inputPaths = (
			);
			name = "[CP] Copy Pods Resources";
			outputPaths = (
			);
			runOnlyForDeploymentPostprocessing = 0;
			shellPath = /bin/sh;
			shellScript = "\"${SRCROOT}/Pods/Target Support Files/Pods-SocialLogin/Pods-SocialLogin-resources.sh\"\n";
			showEnvVarsInLog = 0;
		};
		73EF1096836452864D568076 /* [CP] Check Pods Manifest.lock */ = {
			isa = PBXShellScriptBuildPhase;
			buildActionMask = 2147483647;
			files = (
			);
			inputPaths = (
			);
			name = "[CP] Check Pods Manifest.lock";
			outputPaths = (
			);
			runOnlyForDeploymentPostprocessing = 0;
			shellPath = /bin/sh;
			shellScript = "diff \"${PODS_PODFILE_DIR_PATH}/Podfile.lock\" \"${PODS_ROOT}/Manifest.lock\" > /dev/null\nif [ $? != 0 ] ; then\n    # print error to STDERR\n    echo \"error: The sandbox is not in sync with the Podfile.lock. Run 'pod install' or update your CocoaPods installation.\" >&2\n    exit 1\nfi\n";
			showEnvVarsInLog = 0;
		};
/* End PBXShellScriptBuildPhase section */

/* Begin PBXSourcesBuildPhase section */
		31B450811F13DE0900009052 /* Sources */ = {
			isa = PBXSourcesBuildPhase;
			buildActionMask = 2147483647;
			files = (
				31B4508B1F13DE0900009052 /* ViewController.swift in Sources */,
				31B450891F13DE0900009052 /* AppDelegate.swift in Sources */,
			);
			runOnlyForDeploymentPostprocessing = 0;
		};
/* End PBXSourcesBuildPhase section */

/* Begin PBXVariantGroup section */
		31B4508C1F13DE0900009052 /* Main.storyboard */ = {
			isa = PBXVariantGroup;
			children = (
				31B4508D1F13DE0900009052 /* Base */,
			);
			name = Main.storyboard;
			sourceTree = "<group>";
		};
		31B450911F13DE0900009052 /* LaunchScreen.storyboard */ = {
			isa = PBXVariantGroup;
			children = (
				31B450921F13DE0900009052 /* Base */,
			);
			name = LaunchScreen.storyboard;
			sourceTree = "<group>";
		};
/* End PBXVariantGroup section */

/* Begin XCBuildConfiguration section */
		31B450951F13DE0900009052 /* Debug */ = {
			isa = XCBuildConfiguration;
			buildSettings = {
				ALWAYS_SEARCH_USER_PATHS = NO;
				CLANG_ANALYZER_NONNULL = YES;
				CLANG_ANALYZER_NUMBER_OBJECT_CONVERSION = YES_AGGRESSIVE;
				CLANG_CXX_LANGUAGE_STANDARD = "gnu++0x";
				CLANG_CXX_LIBRARY = "libc++";
				CLANG_ENABLE_MODULES = YES;
				CLANG_ENABLE_OBJC_ARC = YES;
				CLANG_WARN_BOOL_CONVERSION = YES;
				CLANG_WARN_CONSTANT_CONVERSION = YES;
				CLANG_WARN_DIRECT_OBJC_ISA_USAGE = YES_ERROR;
				CLANG_WARN_DOCUMENTATION_COMMENTS = YES;
				CLANG_WARN_EMPTY_BODY = YES;
				CLANG_WARN_ENUM_CONVERSION = YES;
				CLANG_WARN_INFINITE_RECURSION = YES;
				CLANG_WARN_INT_CONVERSION = YES;
				CLANG_WARN_OBJC_ROOT_CLASS = YES_ERROR;
				CLANG_WARN_SUSPICIOUS_MOVE = YES;
				CLANG_WARN_UNREACHABLE_CODE = YES;
				CLANG_WARN__DUPLICATE_METHOD_MATCH = YES;
				"CODE_SIGN_IDENTITY[sdk=iphoneos*]" = "iPhone Developer";
				COPY_PHASE_STRIP = NO;
				DEBUG_INFORMATION_FORMAT = dwarf;
				ENABLE_STRICT_OBJC_MSGSEND = YES;
				ENABLE_TESTABILITY = YES;
				GCC_C_LANGUAGE_STANDARD = gnu99;
				GCC_DYNAMIC_NO_PIC = NO;
				GCC_NO_COMMON_BLOCKS = YES;
				GCC_OPTIMIZATION_LEVEL = 0;
				GCC_PREPROCESSOR_DEFINITIONS = (
					"DEBUG=1",
					"$(inherited)",
				);
				GCC_WARN_64_TO_32_BIT_CONVERSION = YES;
				GCC_WARN_ABOUT_RETURN_TYPE = YES_ERROR;
				GCC_WARN_UNDECLARED_SELECTOR = YES;
				GCC_WARN_UNINITIALIZED_AUTOS = YES_AGGRESSIVE;
				GCC_WARN_UNUSED_FUNCTION = YES;
				GCC_WARN_UNUSED_VARIABLE = YES;
				IPHONEOS_DEPLOYMENT_TARGET = 10.3;
				MTL_ENABLE_DEBUG_INFO = YES;
				ONLY_ACTIVE_ARCH = YES;
				SDKROOT = iphoneos;
				SWIFT_ACTIVE_COMPILATION_CONDITIONS = DEBUG;
				SWIFT_OPTIMIZATION_LEVEL = "-Onone";
			};
			name = Debug;
		};
		31B450961F13DE0900009052 /* Release */ = {
			isa = XCBuildConfiguration;
			buildSettings = {
				ALWAYS_SEARCH_USER_PATHS = NO;
				CLANG_ANALYZER_NONNULL = YES;
				CLANG_ANALYZER_NUMBER_OBJECT_CONVERSION = YES_AGGRESSIVE;
				CLANG_CXX_LANGUAGE_STANDARD = "gnu++0x";
				CLANG_CXX_LIBRARY = "libc++";
				CLANG_ENABLE_MODULES = YES;
				CLANG_ENABLE_OBJC_ARC = YES;
				CLANG_WARN_BOOL_CONVERSION = YES;
				CLANG_WARN_CONSTANT_CONVERSION = YES;
				CLANG_WARN_DIRECT_OBJC_ISA_USAGE = YES_ERROR;
				CLANG_WARN_DOCUMENTATION_COMMENTS = YES;
				CLANG_WARN_EMPTY_BODY = YES;
				CLANG_WARN_ENUM_CONVERSION = YES;
				CLANG_WARN_INFINITE_RECURSION = YES;
				CLANG_WARN_INT_CONVERSION = YES;
				CLANG_WARN_OBJC_ROOT_CLASS = YES_ERROR;
				CLANG_WARN_SUSPICIOUS_MOVE = YES;
				CLANG_WARN_UNREACHABLE_CODE = YES;
				CLANG_WARN__DUPLICATE_METHOD_MATCH = YES;
				"CODE_SIGN_IDENTITY[sdk=iphoneos*]" = "iPhone Developer";
				COPY_PHASE_STRIP = NO;
				DEBUG_INFORMATION_FORMAT = "dwarf-with-dsym";
				ENABLE_NS_ASSERTIONS = NO;
				ENABLE_STRICT_OBJC_MSGSEND = YES;
				GCC_C_LANGUAGE_STANDARD = gnu99;
				GCC_NO_COMMON_BLOCKS = YES;
				GCC_WARN_64_TO_32_BIT_CONVERSION = YES;
				GCC_WARN_ABOUT_RETURN_TYPE = YES_ERROR;
				GCC_WARN_UNDECLARED_SELECTOR = YES;
				GCC_WARN_UNINITIALIZED_AUTOS = YES_AGGRESSIVE;
				GCC_WARN_UNUSED_FUNCTION = YES;
				GCC_WARN_UNUSED_VARIABLE = YES;
				IPHONEOS_DEPLOYMENT_TARGET = 10.3;
				MTL_ENABLE_DEBUG_INFO = NO;
				SDKROOT = iphoneos;
				SWIFT_OPTIMIZATION_LEVEL = "-Owholemodule";
				VALIDATE_PRODUCT = YES;
			};
			name = Release;
		};
		31B450981F13DE0900009052 /* Debug */ = {
			isa = XCBuildConfiguration;
			baseConfigurationReference = 1838265E8653967E76030479 /* Pods-SocialLogin.debug.xcconfig */;
			buildSettings = {
				ASSETCATALOG_COMPILER_APPICON_NAME = AppIcon;
				CODE_SIGN_ENTITLEMENTS = SocialLogin/SocialLogin.entitlements;
				DEVELOPMENT_TEAM = 99PQ8VE3S6;
				INFOPLIST_FILE = SocialLogin/Info.plist;
				LD_RUNPATH_SEARCH_PATHS = "$(inherited) @executable_path/Frameworks";
				PRODUCT_BUNDLE_IDENTIFIER = com.swifttaco.SocialLogin;
				PRODUCT_NAME = "$(TARGET_NAME)";
				SWIFT_VERSION = 3.0;
			};
			name = Debug;
		};
		31B450991F13DE0900009052 /* Release */ = {
			isa = XCBuildConfiguration;
			baseConfigurationReference = 45C8AC7F33D4A2587CB6E6BA /* Pods-SocialLogin.release.xcconfig */;
			buildSettings = {
				ASSETCATALOG_COMPILER_APPICON_NAME = AppIcon;
				CODE_SIGN_ENTITLEMENTS = SocialLogin/SocialLogin.entitlements;
				DEVELOPMENT_TEAM = 99PQ8VE3S6;
				INFOPLIST_FILE = SocialLogin/Info.plist;
				LD_RUNPATH_SEARCH_PATHS = "$(inherited) @executable_path/Frameworks";
				PRODUCT_BUNDLE_IDENTIFIER = com.swifttaco.SocialLogin;
				PRODUCT_NAME = "$(TARGET_NAME)";
				SWIFT_VERSION = 3.0;
			};
			name = Release;
		};
/* End XCBuildConfiguration section */

/* Begin XCConfigurationList section */
		31B450801F13DE0900009052 /* Build configuration list for PBXProject "SocialLogin" */ = {
			isa = XCConfigurationList;
			buildConfigurations = (
				31B450951F13DE0900009052 /* Debug */,
				31B450961F13DE0900009052 /* Release */,
			);
			defaultConfigurationIsVisible = 0;
			defaultConfigurationName = Release;
		};
		31B450971F13DE0900009052 /* Build configuration list for PBXNativeTarget "SocialLogin" */ = {
			isa = XCConfigurationList;
			buildConfigurations = (
				31B450981F13DE0900009052 /* Debug */,
				31B450991F13DE0900009052 /* Release */,
			);
			defaultConfigurationIsVisible = 0;
			defaultConfigurationName = Release;
		};
/* End XCConfigurationList section */
	};
	rootObject = 31B4507D1F13DE0900009052 /* Project object */;
}
